# Generated by pub
# See https://dart.dev/tools/pub/glossary#lockfile
packages:
  convertlib:
    dependency: transitive
    description:
      name: convertlib
      sha256: "5874961a2c30a76b65363550897f58d6980deec67320bbfa8021b45cb2797c9c"
      url: "https://pub.dev"
    source: hosted
    version: "3.6.1"
  hashlib:
    dependency: "direct main"
    description:
      name: hashlib
      sha256: b998d270c41c782d4e75e8fd19c8f43b64070f65bfeb528bbf886bb253cbb35b
      url: "https://pub.dev"
    source: hosted
    version: "2.4.2"
  path:
    dependency: "direct main"
    description:
      name: path
      sha256: "75cca69d1490965be98c73ceaea117e8a04dd21217b37b292c9ddbec0d955bc5"
      url: "https://pub.dev"
    source: hosted
    version: "1.9.1"
  tint:
    dependency: "direct main"
    description:
      name: tint
      sha256: "9652d9a589f4536d5e392cf790263d120474f15da3cf1bee7f1fdb31b4de5f46"
      url: "https://pub.dev"
    source: hosted
    version: "2.0.1"
sdks:
  dart: ">=3.12.0 <4.0.0"
